// !$*UTF8*$!
{
	archiveVersion = 1;
	classes = {
	};
	objectVersion = 46;
	objects = {

/* Begin PBXBuildFile section */
		D00CEFFB1ECDDF6A00EFC4B4 /* MAThermometer.m in Sources */ = {isa = PBXBuildFile; fileRef = D00CEFF81ECDDF6A00EFC4B4 /* MAThermometer.m */; };
		D00CEFFC1ECDDF6A00EFC4B4 /* MAThermometerBorder.m in Sources */ = {isa = PBXBuildFile; fileRef = D00CEFFA1ECDDF6A00EFC4B4 /* MAThermometerBorder.m */; };
		D02B65501ED1D5E2008CC2C2 /* 浇水.png in Resources */ = {isa = PBXBuildFile; fileRef = D02B654F1ED1D5E2008CC2C2 /* 浇水.png */; };
		D0303EDD1ED331B100C960C1 /* 登录.png in Resources */ = {isa = PBXBuildFile; fileRef = D0303EDC1ED331B100C960C1 /* 登录.png */; };
		D0303EDF1ED3324D00C960C1 /* 密码.png in Resources */ = {isa = PBXBuildFile; fileRef = D0303EDE1ED3324D00C960C1 /* 密码.png */; };
		D03B1FBB1EDA4BCD009E4A5D /* DetailController.m in Sources */ = {isa = PBXBuildFile; fileRef = D03B1FBA1EDA4BCD009E4A5D /* DetailController.m */; };
		D042D7FA1EA0AAB300C58E9C /* ViewController.m in Sources */ = {isa = PBXBuildFile; fileRef = D042D7F91EA0AAB300C58E9C /* ViewController.m */; };
		D04805751ED555AD00F91F6C /* 花城.png in Resources */ = {isa = PBXBuildFile; fileRef = D04805741ED555AD00F91F6C /* 花城.png */; };
		D04805791ED5592300F91F6C /* 底图.png in Resources */ = {isa = PBXBuildFile; fileRef = D04805781ED5592300F91F6C /* 底图.png */; };
		D09754791E950ABE00D1AFDA /* main.m in Sources */ = {isa = PBXBuildFile; fileRef = D09754781E950ABE00D1AFDA /* main.m */; };
		D097547C1E950ABE00D1AFDA /* AppDelegate.m in Sources */ = {isa = PBXBuildFile; fileRef = D097547B1E950ABE00D1AFDA /* AppDelegate.m */; };
		D09754821E950ABE00D1AFDA /* Main.storyboard in Resources */ = {isa = PBXBuildFile; fileRef = D09754801E950ABE00D1AFDA /* Main.storyboard */; };
		D09754841E950ABE00D1AFDA /* Assets.xcassets in Resources */ = {isa = PBXBuildFile; fileRef = D09754831E950ABE00D1AFDA /* Assets.xcassets */; };
		D09754871E950ABE00D1AFDA /* LaunchScreen.storyboard in Resources */ = {isa = PBXBuildFile; fileRef = D09754851E950ABE00D1AFDA /* LaunchScreen.storyboard */; };
		D0A1D8A41ED4858500EB7CA1 /* 主界面.png in Resources */ = {isa = PBXBuildFile; fileRef = D0A1D8A31ED4858500EB7CA1 /* 主界面.png */; };
		D0A1D8A81ED486D800EB7CA1 /* 主界面2.png in Resources */ = {isa = PBXBuildFile; fileRef = D0A1D8A71ED486D800EB7CA1 /* 主界面2.png */; };
		D0BF868D1ED172BA0089C9E5 /* LoginController.m in Sources */ = {isa = PBXBuildFile; fileRef = D0BF868C1ED172BA0089C9E5 /* LoginController.m */; };
		D0BF86911ED1761C0089C9E5 /* 登录按钮.png in Resources */ = {isa = PBXBuildFile; fileRef = D0BF86901ED1761C0089C9E5 /* 登录按钮.png */; };
		D0CDAE331ECC4846002F8D7D /* 浇水2.png in Resources */ = {isa = PBXBuildFile; fileRef = D0CDAE321ECC4846002F8D7D /* 浇水2.png */; };
		D0CDAE391ECC4F14002F8D7D /* STLoopProgressView+BaseConfiguration.m in Sources */ = {isa = PBXBuildFile; fileRef = D0CDAE361ECC4F14002F8D7D /* STLoopProgressView+BaseConfiguration.m */; };
		D0CDAE3A1ECC4F14002F8D7D /* STLoopProgressView.m in Sources */ = {isa = PBXBuildFile; fileRef = D0CDAE381ECC4F14002F8D7D /* STLoopProgressView.m */; };
		D0FD3EE21ECFD904007BE909 /* timg.jpeg in Resources */ = {isa = PBXBuildFile; fileRef = D0FD3EE11ECFD904007BE909 /* timg.jpeg */; };
/* End PBXBuildFile section */

/* Begin PBXFileReference section */
		D00CEFF71ECDDF6A00EFC4B4 /* MAThermometer.h */ = {isa = PBXFileReference; fileEncoding = 4; lastKnownFileType = sourcecode.c.h; path = MAThermometer.h; sourceTree = "<group>"; };
		D00CEFF81ECDDF6A00EFC4B4 /* MAThermometer.m */ = {isa = PBXFileReference; fileEncoding = 4; lastKnownFileType = sourcecode.c.objc; path = MAThermometer.m; sourceTree = "<group>"; };
		D00CEFF91ECDDF6A00EFC4B4 /* MAThermometerBorder.h */ = {isa = PBXFileReference; fileEncoding = 4; lastKnownFileType = sourcecode.c.h; path = MAThermometerBorder.h; sourceTree = "<group>"; };
		D00CEFFA1ECDDF6A00EFC4B4 /* MAThermometerBorder.m */ = {isa = PBXFileReference; fileEncoding = 4; lastKnownFileType = sourcecode.c.objc; path = MAThermometerBorder.m; sourceTree = "<group>"; };
		D02B654F1ED1D5E2008CC2C2 /* 浇水.png */ = {isa = PBXFileReference; lastKnownFileType = image.png; path = "浇水.png"; sourceTree = "<group>"; };
		D0303EDC1ED331B100C960C1 /* 登录.png */ = {isa = PBXFileReference; lastKnownFileType = image.png; path = "登录.png"; sourceTree = "<group>"; };
		D0303EDE1ED3324D00C960C1 /* 密码.png */ = {isa = PBXFileReference; lastKnownFileType = image.png; path = "密码.png"; sourceTree = "<group>"; };
		D03B1FB91EDA4BCD009E4A5D /* DetailController.h */ = {isa = PBXFileReference; fileEncoding = 4; lastKnownFileType = sourcecode.c.h; path = DetailController.h; sourceTree = "<group>"; };
		D03B1FBA1EDA4BCD009E4A5D /* DetailController.m */ = {isa = PBXFileReference; fileEncoding = 4; lastKnownFileType = sourcecode.c.objc; path = DetailController.m; sourceTree = "<group>"; };
		D042D7F81EA0AAB300C58E9C /* ViewController.h */ = {isa = PBXFileReference; fileEncoding = 4; lastKnownFileType = sourcecode.c.h; path = ViewController.h; sourceTree = "<group>"; };
		D042D7F91EA0AAB300C58E9C /* ViewController.m */ = {isa = PBXFileReference; fileEncoding = 4; lastKnownFileType = sourcecode.c.objc; path = ViewController.m; sourceTree = "<group>"; };
		D04805741ED555AD00F91F6C /* 花城.png */ = {isa = PBXFileReference; lastKnownFileType = image.png; path = "花城.png"; sourceTree = "<group>"; };
		D04805781ED5592300F91F6C /* 底图.png */ = {isa = PBXFileReference; lastKnownFileType = image.png; path = "底图.png"; sourceTree = "<group>"; };
		D09754741E950ABE00D1AFDA /* 智能花盆.app */ = {isa = PBXFileReference; explicitFileType = wrapper.application; includeInIndex = 0; path = "智能花盆.app"; sourceTree = BUILT_PRODUCTS_DIR; };
		D09754781E950ABE00D1AFDA /* main.m */ = {isa = PBXFileReference; lastKnownFileType = sourcecode.c.objc; path = main.m; sourceTree = "<group>"; };
		D097547A1E950ABE00D1AFDA /* AppDelegate.h */ = {isa = PBXFileReference; lastKnownFileType = sourcecode.c.h; path = AppDelegate.h; sourceTree = "<group>"; };
		D097547B1E950ABE00D1AFDA /* AppDelegate.m */ = {isa = PBXFileReference; lastKnownFileType = sourcecode.c.objc; path = AppDelegate.m; sourceTree = "<group>"; };
		D09754811E950ABE00D1AFDA /* Base */ = {isa = PBXFileReference; lastKnownFileType = file.storyboard; name = Base; path = Base.lproj/Main.storyboard; sourceTree = "<group>"; };
		D09754831E950ABE00D1AFDA /* Assets.xcassets */ = {isa = PBXFileReference; lastKnownFileType = folder.assetcatalog; path = Assets.xcassets; sourceTree = "<group>"; };
		D09754861E950ABE00D1AFDA /* Base */ = {isa = PBXFileReference; lastKnownFileType = file.storyboard; name = Base; path = Base.lproj/LaunchScreen.storyboard; sourceTree = "<group>"; };
		D09754881E950ABE00D1AFDA /* Info.plist */ = {isa = PBXFileReference; lastKnownFileType = text.plist.xml; path = Info.plist; sourceTree = "<group>"; };
		D0A1D8A31ED4858500EB7CA1 /* 主界面.png */ = {isa = PBXFileReference; lastKnownFileType = image.png; path = "主界面.png"; sourceTree = "<group>"; };
		D0A1D8A71ED486D800EB7CA1 /* 主界面2.png */ = {isa = PBXFileReference; lastKnownFileType = image.png; path = "主界面2.png"; sourceTree = "<group>"; };
		D0BF868B1ED172BA0089C9E5 /* LoginController.h */ = {isa = PBXFileReference; fileEncoding = 4; lastKnownFileType = sourcecode.c.h; path = LoginController.h; sourceTree = "<group>"; };
		D0BF868C1ED172BA0089C9E5 /* LoginController.m */ = {isa = PBXFileReference; fileEncoding = 4; lastKnownFileType = sourcecode.c.objc; path = LoginController.m; sourceTree = "<group>"; };
		D0BF86901ED1761C0089C9E5 /* 登录按钮.png */ = {isa = PBXFileReference; lastKnownFileType = image.png; path = "登录按钮.png"; sourceTree = "<group>"; };
		D0CDAE321ECC4846002F8D7D /* 浇水2.png */ = {isa = PBXFileReference; lastKnownFileType = image.png; path = "浇水2.png"; sourceTree = "<group>"; };
		D0CDAE351ECC4F14002F8D7D /* STLoopProgressView+BaseConfiguration.h */ = {isa = PBXFileReference; fileEncoding = 4; lastKnownFileType = sourcecode.c.h; path = "STLoopProgressView+BaseConfiguration.h"; sourceTree = "<group>"; };
		D0CDAE361ECC4F14002F8D7D /* STLoopProgressView+BaseConfiguration.m */ = {isa = PBXFileReference; fileEncoding = 4; lastKnownFileType = sourcecode.c.objc; path = "STLoopProgressView+BaseConfiguration.m"; sourceTree = "<group>"; };
		D0CDAE371ECC4F14002F8D7D /* STLoopProgressView.h */ = {isa = PBXFileReference; fileEncoding = 4; lastKnownFileType = sourcecode.c.h; path = STLoopProgressView.h; sourceTree = "<group>"; };
		D0CDAE381ECC4F14002F8D7D /* STLoopProgressView.m */ = {isa = PBXFileReference; fileEncoding = 4; lastKnownFileType = sourcecode.c.objc; path = STLoopProgressView.m; sourceTree = "<group>"; };
		D0FD3EE11ECFD904007BE909 /* timg.jpeg */ = {isa = PBXFileReference; lastKnownFileType = image.jpeg; path = timg.jpeg; sourceTree = "<group>"; };
/* End PBXFileReference section */

/* Begin PBXFrameworksBuildPhase section */
		D09754711E950ABE00D1AFDA /* Frameworks */ = {
			isa = PBXFrameworksBuildPhase;
			buildActionMask = 2147483647;
			files = (
			);
			runOnlyForDeploymentPostprocessing = 0;
		};
/* End PBXFrameworksBuildPhase section */

/* Begin PBXGroup section */
		D00CEFF61ECDDF6A00EFC4B4 /* MAThermometer */ = {
			isa = PBXGroup;
			children = (
				D00CEFF71ECDDF6A00EFC4B4 /* MAThermometer.h */,
				D00CEFF81ECDDF6A00EFC4B4 /* MAThermometer.m */,
				D00CEFF91ECDDF6A00EFC4B4 /* MAThermometerBorder.h */,
				D00CEFFA1ECDDF6A00EFC4B4 /* MAThermometerBorder.m */,
			);
			path = MAThermometer;
			sourceTree = "<group>";
		};
		D097546B1E950ABE00D1AFDA = {
			isa = PBXGroup;
			children = (
				D09754761E950ABE00D1AFDA /* 智能花盆 */,
				D09754751E950ABE00D1AFDA /* Products */,
			);
			sourceTree = "<group>";
		};
		D09754751E950ABE00D1AFDA /* Products */ = {
			isa = PBXGroup;
			children = (
				D09754741E950ABE00D1AFDA /* 智能花盆.app */,
			);
			name = Products;
			sourceTree = "<group>";
		};
		D09754761E950ABE00D1AFDA /* 智能花盆 */ = {
			isa = PBXGroup;
			children = (
				D097547A1E950ABE00D1AFDA /* AppDelegate.h */,
				D097547B1E950ABE00D1AFDA /* AppDelegate.m */,
				D042D7F81EA0AAB300C58E9C /* ViewController.h */,
				D042D7F91EA0AAB300C58E9C /* ViewController.m */,
				D0BF868B1ED172BA0089C9E5 /* LoginController.h */,
				D0BF868C1ED172BA0089C9E5 /* LoginController.m */,
				D03B1FB91EDA4BCD009E4A5D /* DetailController.h */,
				D03B1FBA1EDA4BCD009E4A5D /* DetailController.m */,
				D09754801E950ABE00D1AFDA /* Main.storyboard */,
				D09754831E950ABE00D1AFDA /* Assets.xcassets */,
				D09754851E950ABE00D1AFDA /* LaunchScreen.storyboard */,
				D09754881E950ABE00D1AFDA /* Info.plist */,
				D0A1D8A71ED486D800EB7CA1 /* 主界面2.png */,
				D0A1D8A31ED4858500EB7CA1 /* 主界面.png */,
				D0303EDC1ED331B100C960C1 /* 登录.png */,
				D04805741ED555AD00F91F6C /* 花城.png */,
				D0303EDE1ED3324D00C960C1 /* 密码.png */,
				D0BF86901ED1761C0089C9E5 /* 登录按钮.png */,
				D02B654F1ED1D5E2008CC2C2 /* 浇水.png */,
				D0CDAE321ECC4846002F8D7D /* 浇水2.png */,
				D0FD3EE11ECFD904007BE909 /* timg.jpeg */,
				D04805781ED5592300F91F6C /* 底图.png */,
				D00CEFF61ECDDF6A00EFC4B4 /* MAThermometer */,
				D0CDAE341ECC4F14002F8D7D /* STLoopProgressView */,
				D09754771E950ABE00D1AFDA /* Supporting Files */,
			);
			path = "智能花盆";
			sourceTree = "<group>";
		};
		D09754771E950ABE00D1AFDA /* Supporting Files */ = {
			isa = PBXGroup;
			children = (
				D09754781E950ABE00D1AFDA /* main.m */,
			);
			name = "Supporting Files";
			sourceTree = "<group>";
		};
		D0CDAE341ECC4F14002F8D7D /* STLoopProgressView */ = {
			isa = PBXGroup;
			children = (
				D0CDAE351ECC4F14002F8D7D /* STLoopProgressView+BaseConfiguration.h */,
				D0CDAE361ECC4F14002F8D7D /* STLoopProgressView+BaseConfiguration.m */,
				D0CDAE371ECC4F14002F8D7D /* STLoopProgressView.h */,
				D0CDAE381ECC4F14002F8D7D /* STLoopProgressView.m */,
			);
			path = STLoopProgressView;
			sourceTree = "<group>";
		};
/* End PBXGroup section */

/* Begin PBXNativeTarget section */
		D09754731E950ABE00D1AFDA /* 智能花盆 */ = {
			isa = PBXNativeTarget;
			buildConfigurationList = D097548B1E950ABE00D1AFDA /* Build configuration list for PBXNativeTarget "智能花盆" */;
			buildPhases = (
				D09754701E950ABE00D1AFDA /* Sources */,
				D09754711E950ABE00D1AFDA /* Frameworks */,
				D09754721E950ABE00D1AFDA /* Resources */,
			);
			buildRules = (
			);
			dependencies = (
			);
			name = "智能花盆";
			productName = "智能花盆";
			productReference = D09754741E950ABE00D1AFDA /* 智能花盆.app */;
			productType = "com.apple.product-type.application";
		};
/* End PBXNativeTarget section */

/* Begin PBXProject section */
		D097546C1E950ABE00D1AFDA /* Project object */ = {
			isa = PBXProject;
			attributes = {
				LastUpgradeCheck = 0830;
				ORGANIZATIONNAME = Phoenix;
				TargetAttributes = {
					D09754731E950ABE00D1AFDA = {
						CreatedOnToolsVersion = 8.3;
						DevelopmentTeam = 368P4F2MDB;
						ProvisioningStyle = Automatic;
					};
				};
			};
			buildConfigurationList = D097546F1E950ABE00D1AFDA /* Build configuration list for PBXProject "智能花盆" */;
			compatibilityVersion = "Xcode 3.2";
			developmentRegion = English;
			hasScannedForEncodings = 0;
			knownRegions = (
				en,
				Base,
			);
			mainGroup = D097546B1E950ABE00D1AFDA;
			productRefGroup = D09754751E950ABE00D1AFDA /* Products */;
			projectDirPath = "";
			projectRoot = "";
			targets = (
				D09754731E950ABE00D1AFDA /* 智能花盆 */,
			);
		};
/* End PBXProject section */

/* Begin PBXResourcesBuildPhase section */
		D09754721E950ABE00D1AFDA /* Resources */ = {
			isa = PBXResourcesBuildPhase;
			buildActionMask = 2147483647;
			files = (
				D0303EDF1ED3324D00C960C1 /* 密码.png in Resources */,
				D02B65501ED1D5E2008CC2C2 /* 浇水.png in Resources */,
				D04805751ED555AD00F91F6C /* 花城.png in Resources */,
				D0A1D8A41ED4858500EB7CA1 /* 主界面.png in Resources */,
				D0A1D8A81ED486D800EB7CA1 /* 主界面2.png in Resources */,
				D0FD3EE21ECFD904007BE909 /* timg.jpeg in Resources */,
				D0303EDD1ED331B100C960C1 /* 登录.png in Resources */,
				D0CDAE331ECC4846002F8D7D /* 浇水2.png in Resources */,
				D09754871E950ABE00D1AFDA /* LaunchScreen.storyboard in Resources */,
				D0BF86911ED1761C0089C9E5 /* 登录按钮.png in Resources */,
				D04805791ED5592300F91F6C /* 底图.png in Resources */,
				D09754841E950ABE00D1AFDA /* Assets.xcassets in Resources */,
				D09754821E950ABE00D1AFDA /* Main.storyboard in Resources */,
			);
			runOnlyForDeploymentPostprocessing = 0;
		};
/* End PBXResourcesBuildPhase section */

/* Begin PBXSourcesBuildPhase section */
		D09754701E950ABE00D1AFDA /* Sources */ = {
			isa = PBXSourcesBuildPhase;
			buildActionMask = 2147483647;
			files = (
				D0CDAE391ECC4F14002F8D7D /* STLoopProgressView+BaseConfiguration.m in Sources */,
				D0BF868D1ED172BA0089C9E5 /* LoginController.m in Sources */,
				D03B1FBB1EDA4BCD009E4A5D /* DetailController.m in Sources */,
				D0CDAE3A1ECC4F14002F8D7D /* STLoopProgressView.m in Sources */,
				D042D7FA1EA0AAB300C58E9C /* ViewController.m in Sources */,
				D097547C1E950ABE00D1AFDA /* AppDelegate.m in Sources */,
				D00CEFFB1ECDDF6A00EFC4B4 /* MAThermometer.m in Sources */,
				D00CEFFC1ECDDF6A00EFC4B4 /* MAThermometerBorder.m in Sources */,
				D09754791E950ABE00D1AFDA /* main.m in Sources */,
			);
			runOnlyForDeploymentPostprocessing = 0;
		};
/* End PBXSourcesBuildPhase section */

/* Begin PBXVariantGroup section */
		D09754801E950ABE00D1AFDA /* Main.storyboard */ = {
			isa = PBXVariantGroup;
			children = (
				D09754811E950ABE00D1AFDA /* Base */,
			);
			name = Main.storyboard;
			sourceTree = "<group>";
		};
		D09754851E950ABE00D1AFDA /* LaunchScreen.storyboard */ = {
			isa = PBXVariantGroup;
			children = (
				D09754861E950ABE00D1AFDA /* Base */,
			);
			name = LaunchScreen.storyboard;
			sourceTree = "<group>";
		};
/* End PBXVariantGroup section */

/* Begin XCBuildConfiguration section */
		D09754891E950ABE00D1AFDA /* Debug */ = {
			isa = XCBuildConfiguration;
			buildSettings = {
				ALWAYS_SEARCH_USER_PATHS = NO;
				CLANG_ANALYZER_NONNULL = YES;
				CLANG_ANALYZER_NUMBER_OBJECT_CONVERSION = YES_AGGRESSIVE;
				CLANG_CXX_LANGUAGE_STANDARD = "gnu++0x";
				CLANG_CXX_LIBRARY = "libc++";
				CLANG_ENABLE_MODULES = YES;
				CLANG_ENABLE_OBJC_ARC = YES;
				CLANG_WARN_BOOL_CONVERSION = YES;
				CLANG_WARN_CONSTANT_CONVERSION = YES;
				CLANG_WARN_DIRECT_OBJC_ISA_USAGE = YES_ERROR;
				CLANG_WARN_DOCUMENTATION_COMMENTS = YES;
				CLANG_WARN_EMPTY_BODY = YES;
				CLANG_WARN_ENUM_CONVERSION = YES;
				CLANG_WARN_INFINITE_RECURSION = YES;
				CLANG_WARN_INT_CONVERSION = YES;
				CLANG_WARN_OBJC_ROOT_CLASS = YES_ERROR;
				CLANG_WARN_SUSPICIOUS_MOVE = YES;
				CLANG_WARN_UNREACHABLE_CODE = YES;
				CLANG_WARN__DUPLICATE_METHOD_MATCH = YES;
				"CODE_SIGN_IDENTITY[sdk=iphoneos*]" = "iPhone Developer";
				COPY_PHASE_STRIP = NO;
				DEBUG_INFORMATION_FORMAT = dwarf;
				ENABLE_STRICT_OBJC_MSGSEND = YES;
				ENABLE_TESTABILITY = YES;
				GCC_C_LANGUAGE_STANDARD = gnu99;
				GCC_DYNAMIC_NO_PIC = NO;
				GCC_NO_COMMON_BLOCKS = YES;
				GCC_OPTIMIZATION_LEVEL = 0;
				GCC_PREPROCESSOR_DEFINITIONS = (
					"DEBUG=1",
					"$(inherited)",
				);
				GCC_WARN_64_TO_32_BIT_CONVERSION = YES;
				GCC_WARN_ABOUT_RETURN_TYPE = YES_ERROR;
				GCC_WARN_UNDECLARED_SELECTOR = YES;
				GCC_WARN_UNINITIALIZED_AUTOS = YES_AGGRESSIVE;
				GCC_WARN_UNUSED_FUNCTION = YES;
				GCC_WARN_UNUSED_VARIABLE = YES;
				IPHONEOS_DEPLOYMENT_TARGET = 10.3;
				MTL_ENABLE_DEBUG_INFO = YES;
				ONLY_ACTIVE_ARCH = YES;
				SDKROOT = iphoneos;
			};
			name = Debug;
		};
		D097548A1E950ABE00D1AFDA /* Release */ = {
			isa = XCBuildConfiguration;
			buildSettings = {
				ALWAYS_SEARCH_USER_PATHS = NO;
				CLANG_ANALYZER_NONNULL = YES;
				CLANG_ANALYZER_NUMBER_OBJECT_CONVERSION = YES_AGGRESSIVE;
				CLANG_CXX_LANGUAGE_STANDARD = "gnu++0x";
				CLANG_CXX_LIBRARY = "libc++";
				CLANG_ENABLE_MODULES = YES;
				CLANG_ENABLE_OBJC_ARC = YES;
				CLANG_WARN_BOOL_CONVERSION = YES;
				CLANG_WARN_CONSTANT_CONVERSION = YES;
				CLANG_WARN_DIRECT_OBJC_ISA_USAGE = YES_ERROR;
				CLANG_WARN_DOCUMENTATION_COMMENTS = YES;
				CLANG_WARN_EMPTY_BODY = YES;
				CLANG_WARN_ENUM_CONVERSION = YES;
				CLANG_WARN_INFINITE_RECURSION = YES;
				CLANG_WARN_INT_CONVERSION = YES;
				CLANG_WARN_OBJC_ROOT_CLASS = YES_ERROR;
				CLANG_WARN_SUSPICIOUS_MOVE = YES;
				CLANG_WARN_UNREACHABLE_CODE = YES;
				CLANG_WARN__DUPLICATE_METHOD_MATCH = YES;
				"CODE_SIGN_IDENTITY[sdk=iphoneos*]" = "iPhone Developer";
				COPY_PHASE_STRIP = NO;
				DEBUG_INFORMATION_FORMAT = "dwarf-with-dsym";
				ENABLE_NS_ASSERTIONS = NO;
				ENABLE_STRICT_OBJC_MSGSEND = YES;
				GCC_C_LANGUAGE_STANDARD = gnu99;
				GCC_NO_COMMON_BLOCKS = YES;
				GCC_WARN_64_TO_32_BIT_CONVERSION = YES;
				GCC_WARN_ABOUT_RETURN_TYPE = YES_ERROR;
				GCC_WARN_UNDECLARED_SELECTOR = YES;
				GCC_WARN_UNINITIALIZED_AUTOS = YES_AGGRESSIVE;
				GCC_WARN_UNUSED_FUNCTION = YES;
				GCC_WARN_UNUSED_VARIABLE = YES;
				IPHONEOS_DEPLOYMENT_TARGET = 10.3;
				MTL_ENABLE_DEBUG_INFO = NO;
				SDKROOT = iphoneos;
				VALIDATE_PRODUCT = YES;
			};
			name = Release;
		};
		D097548C1E950ABE00D1AFDA /* Debug */ = {
			isa = XCBuildConfiguration;
			buildSettings = {
				ASSETCATALOG_COMPILER_APPICON_NAME = AppIcon;
				DEVELOPMENT_TEAM = 368P4F2MDB;
				INFOPLIST_FILE = "智能花盆/Info.plist";
				IPHONEOS_DEPLOYMENT_TARGET = 8.0;
				LD_RUNPATH_SEARCH_PATHS = "$(inherited) @executable_path/Frameworks";
				PRODUCT_BUNDLE_IDENTIFIER = "Phoenix.----";
				PRODUCT_NAME = "$(TARGET_NAME)";
			};
			name = Debug;
		};
		D097548D1E950ABE00D1AFDA /* Release */ = {
			isa = XCBuildConfiguration;
			buildSettings = {
				ASSETCATALOG_COMPILER_APPICON_NAME = AppIcon;
				DEVELOPMENT_TEAM = 368P4F2MDB;
				INFOPLIST_FILE = "智能花盆/Info.plist";
				IPHONEOS_DEPLOYMENT_TARGET = 8.0;
				LD_RUNPATH_SEARCH_PATHS = "$(inherited) @executable_path/Frameworks";
				PRODUCT_BUNDLE_IDENTIFIER = "Phoenix.----";
				PRODUCT_NAME = "$(TARGET_NAME)";
			};
			name = Release;
		};
/* End XCBuildConfiguration section */

/* Begin XCConfigurationList section */
		D097546F1E950ABE00D1AFDA /* Build configuration list for PBXProject "智能花盆" */ = {
			isa = XCConfigurationList;
			buildConfigurations = (
				D09754891E950ABE00D1AFDA /* Debug */,
				D097548A1E950ABE00D1AFDA /* Release */,
			);
			defaultConfigurationIsVisible = 0;
			defaultConfigurationName = Release;
		};
		D097548B1E950ABE00D1AFDA /* Build configuration list for PBXNativeTarget "智能花盆" */ = {
			isa = XCConfigurationList;
			buildConfigurations = (
				D097548C1E950ABE00D1AFDA /* Debug */,
				D097548D1E950ABE00D1AFDA /* Release */,
			);
			defaultConfigurationIsVisible = 0;
			defaultConfigurationName = Release;
		};
/* End XCConfigurationList section */
	};
	rootObject = D097546C1E950ABE00D1AFDA /* Project object */;
}
